// !$*UTF8*$!
{
	archiveVersion = 1;
	classes = {
	};
	objectVersion = 46;
	objects = {

/* Begin PBXBuildFile section */
		4CA7E7AA1BEE5A8300B9492D /* main.m in Sources */ = {isa = PBXBuildFile; fileRef = 4CA7E7A91BEE5A8300B9492D /* main.m */; };
		4CA7E7AD1BEE5A8300B9492D /* AppDelegate.m in Sources */ = {isa = PBXBuildFile; fileRef = 4CA7E7AC1BEE5A8300B9492D /* AppDelegate.m */; };
		4CA7E7B01BEE5A8400B9492D /* ViewController.m in Sources */ = {isa = PBXBuildFile; fileRef = 4CA7E7AF1BEE5A8400B9492D /* ViewController.m */; };
		4CA7E7B31BEE5A8400B9492D /* Main.storyboard in Resources */ = {isa = PBXBuildFile; fileRef = 4CA7E7B11BEE5A8400B9492D /* Main.storyboard */; };
		4CA7E7B51BEE5A8400B9492D /* Images.xcassets in Resources */ = {isa = PBXBuildFile; fileRef = 4CA7E7B41BEE5A8400B9492D /* Images.xcassets */; };
		4CA7E7B81BEE5A8400B9492D /* LaunchScreen.xib in Resources */ = {isa = PBXBuildFile; fileRef = 4CA7E7B61BEE5A8400B9492D /* LaunchScreen.xib */; };
		4CA7E7C41BEE5A8400B9492D /* JETEngineTests.m in Sources */ = {isa = PBXBuildFile; fileRef = 4CA7E7C31BEE5A8400B9492D /* JETEngineTests.m */; };
/* End PBXBuildFile section */

/* Begin PBXContainerItemProxy section */
		4CA7E7BE1BEE5A8400B9492D /* PBXContainerItemProxy */ = {
			isa = PBXContainerItemProxy;
			containerPortal = 4CA7E79C1BEE5A8300B9492D /* Project object */;
			proxyType = 1;
			remoteGlobalIDString = 4CA7E7A31BEE5A8300B9492D;
			remoteInfo = JETEngine;
		};
/* End PBXContainerItemProxy section */

/* Begin PBXFileReference section */
		4CA7E7A41BEE5A8300B9492D /* JETEngine.app */ = {isa = PBXFileReference; explicitFileType = wrapper.application; includeInIndex = 0; path = JETEngine.app; sourceTree = BUILT_PRODUCTS_DIR; };
		4CA7E7A81BEE5A8300B9492D /* Info.plist */ = {isa = PBXFileReference; lastKnownFileType = text.plist.xml; path = Info.plist; sourceTree = "<group>"; };
		4CA7E7A91BEE5A8300B9492D /* main.m */ = {isa = PBXFileReference; lastKnownFileType = sourcecode.c.objc; path = main.m; sourceTree = "<group>"; };
		4CA7E7AB1BEE5A8300B9492D /* AppDelegate.h */ = {isa = PBXFileReference; lastKnownFileType = sourcecode.c.h; path = AppDelegate.h; sourceTree = "<group>"; };
		4CA7E7AC1BEE5A8300B9492D /* AppDelegate.m */ = {isa = PBXFileReference; lastKnownFileType = sourcecode.c.objc; path = AppDelegate.m; sourceTree = "<group>"; };
		4CA7E7AE1BEE5A8300B9492D /* ViewController.h */ = {isa = PBXFileReference; lastKnownFileType = sourcecode.c.h; path = ViewController.h; sourceTree = "<group>"; };
		4CA7E7AF1BEE5A8400B9492D /* ViewController.m */ = {isa = PBXFileReference; lastKnownFileType = sourcecode.c.objc; path = ViewController.m; sourceTree = "<group>"; };
		4CA7E7B21BEE5A8400B9492D /* Base */ = {isa = PBXFileReference; lastKnownFileType = file.storyboard; name = Base; path = Base.lproj/Main.storyboard; sourceTree = "<group>"; };
		4CA7E7B41BEE5A8400B9492D /* Images.xcassets */ = {isa = PBXFileReference; lastKnownFileType = folder.assetcatalog; path = Images.xcassets; sourceTree = "<group>"; };
		4CA7E7B71BEE5A8400B9492D /* Base */ = {isa = PBXFileReference; lastKnownFileType = file.xib; name = Base; path = Base.lproj/LaunchScreen.xib; sourceTree = "<group>"; };
		4CA7E7BD1BEE5A8400B9492D /* JETEngineTests.xctest */ = {isa = PBXFileReference; explicitFileType = wrapper.cfbundle; includeInIndex = 0; path = JETEngineTests.xctest; sourceTree = BUILT_PRODUCTS_DIR; };
		4CA7E7C21BEE5A8400B9492D /* Info.plist */ = {isa = PBXFileReference; lastKnownFileType = text.plist.xml; path = Info.plist; sourceTree = "<group>"; };
		4CA7E7C31BEE5A8400B9492D /* JETEngineTests.m */ = {isa = PBXFileReference; lastKnownFileType = sourcecode.c.objc; path = JETEngineTests.m; sourceTree = "<group>"; };
/* End PBXFileReference section */

/* Begin PBXFrameworksBuildPhase section */
		4CA7E7A11BEE5A8300B9492D /* Frameworks */ = {
			isa = PBXFrameworksBuildPhase;
			buildActionMask = 2147483647;
			files = (
			);
			runOnlyForDeploymentPostprocessing = 0;
		};
		4CA7E7BA1BEE5A8400B9492D /* Frameworks */ = {
			isa = PBXFrameworksBuildPhase;
			buildActionMask = 2147483647;
			files = (
			);
			runOnlyForDeploymentPostprocessing = 0;
		};
/* End PBXFrameworksBuildPhase section */

/* Begin PBXGroup section */
		4CA7E79B1BEE5A8300B9492D = {
			isa = PBXGroup;
			children = (
				4CA7E7A61BEE5A8300B9492D /* JETEngine */,
				4CA7E7C01BEE5A8400B9492D /* JETEngineTests */,
				4CA7E7A51BEE5A8300B9492D /* Products */,
			);
			sourceTree = "<group>";
		};
		4CA7E7A51BEE5A8300B9492D /* Products */ = {
			isa = PBXGroup;
			children = (
				4CA7E7A41BEE5A8300B9492D /* JETEngine.app */,
				4CA7E7BD1BEE5A8400B9492D /* JETEngineTests.xctest */,
			);
			name = Products;
			sourceTree = "<group>";
		};
		4CA7E7A61BEE5A8300B9492D /* JETEngine */ = {
			isa = PBXGroup;
			children = (
				4CA7E7AB1BEE5A8300B9492D /* AppDelegate.h */,
				4CA7E7AC1BEE5A8300B9492D /* AppDelegate.m */,
				4CA7E7AE1BEE5A8300B9492D /* ViewController.h */,
				4CA7E7AF1BEE5A8400B9492D /* ViewController.m */,
				4CA7E7B11BEE5A8400B9492D /* Main.storyboard */,
				4CA7E7B41BEE5A8400B9492D /* Images.xcassets */,
				4CA7E7B61BEE5A8400B9492D /* LaunchScreen.xib */,
				4CA7E7A71BEE5A8300B9492D /* Supporting Files */,
			);
			path = JETEngine;
			sourceTree = "<group>";
		};
		4CA7E7A71BEE5A8300B9492D /* Supporting Files */ = {
			isa = PBXGroup;
			children = (
				4CA7E7A81BEE5A8300B9492D /* Info.plist */,
				4CA7E7A91BEE5A8300B9492D /* main.m */,
			);
			name = "Supporting Files";
			sourceTree = "<group>";
		};
		4CA7E7C01BEE5A8400B9492D /* JETEngineTests */ = {
			isa = PBXGroup;
			children = (
				4CA7E7C31BEE5A8400B9492D /* JETEngineTests.m */,
				4CA7E7C11BEE5A8400B9492D /* Supporting Files */,
			);
			path = JETEngineTests;
			sourceTree = "<group>";
		};
		4CA7E7C11BEE5A8400B9492D /* Supporting Files */ = {
			isa = PBXGroup;
			children = (
				4CA7E7C21BEE5A8400B9492D /* Info.plist */,
			);
			name = "Supporting Files";
			sourceTree = "<group>";
		};
/* End PBXGroup section */

/* Begin PBXNativeTarget section */
		4CA7E7A31BEE5A8300B9492D /* JETEngine */ = {
			isa = PBXNativeTarget;
			buildConfigurationList = 4CA7E7C71BEE5A8400B9492D /* Build configuration list for PBXNativeTarget "JETEngine" */;
			buildPhases = (
				4CA7E7A01BEE5A8300B9492D /* Sources */,
				4CA7E7A11BEE5A8300B9492D /* Frameworks */,
				4CA7E7A21BEE5A8300B9492D /* Resources */,
			);
			buildRules = (
			);
			dependencies = (
			);
			name = JETEngine;
			productName = JETEngine;
			productReference = 4CA7E7A41BEE5A8300B9492D /* JETEngine.app */;
			productType = "com.apple.product-type.application";
		};
		4CA7E7BC1BEE5A8400B9492D /* JETEngineTests */ = {
			isa = PBXNativeTarget;
			buildConfigurationList = 4CA7E7CA1BEE5A8400B9492D /* Build configuration list for PBXNativeTarget "JETEngineTests" */;
			buildPhases = (
				4CA7E7B91BEE5A8400B9492D /* Sources */,
				4CA7E7BA1BEE5A8400B9492D /* Frameworks */,
				4CA7E7BB1BEE5A8400B9492D /* Resources */,
			);
			buildRules = (
			);
			dependencies = (
				4CA7E7BF1BEE5A8400B9492D /* PBXTargetDependency */,
			);
			name = JETEngineTests;
			productName = JETEngineTests;
			productReference = 4CA7E7BD1BEE5A8400B9492D /* JETEngineTests.xctest */;
			productType = "com.apple.product-type.bundle.unit-test";
		};
/* End PBXNativeTarget section */

/* Begin PBXProject section */
		4CA7E79C1BEE5A8300B9492D /* Project object */ = {
			isa = PBXProject;
			attributes = {
				LastUpgradeCheck = 0620;
				ORGANIZATIONNAME = "澤田　暖";
				TargetAttributes = {
					4CA7E7A31BEE5A8300B9492D = {
						CreatedOnToolsVersion = 6.2;
					};
					4CA7E7BC1BEE5A8400B9492D = {
						CreatedOnToolsVersion = 6.2;
						TestTargetID = 4CA7E7A31BEE5A8300B9492D;
					};
				};
			};
			buildConfigurationList = 4CA7E79F1BEE5A8300B9492D /* Build configuration list for PBXProject "JETEngine" */;
			compatibilityVersion = "Xcode 3.2";
			developmentRegion = English;
			hasScannedForEncodings = 0;
			knownRegions = (
				en,
				Base,
			);
			mainGroup = 4CA7E79B1BEE5A8300B9492D;
			productRefGroup = 4CA7E7A51BEE5A8300B9492D /* Products */;
			projectDirPath = "";
			projectRoot = "";
			targets = (
				4CA7E7A31BEE5A8300B9492D /* JETEngine */,
				4CA7E7BC1BEE5A8400B9492D /* JETEngineTests */,
			);
		};
/* End PBXProject section */

/* Begin PBXResourcesBuildPhase section */
		4CA7E7A21BEE5A8300B9492D /* Resources */ = {
			isa = PBXResourcesBuildPhase;
			buildActionMask = 2147483647;
			files = (
				4CA7E7B31BEE5A8400B9492D /* Main.storyboard in Resources */,
				4CA7E7B81BEE5A8400B9492D /* LaunchScreen.xib in Resources */,
				4CA7E7B51BEE5A8400B9492D /* Images.xcassets in Resources */,
			);
			runOnlyForDeploymentPostprocessing = 0;
		};
		4CA7E7BB1BEE5A8400B9492D /* Resources */ = {
			isa = PBXResourcesBuildPhase;
			buildActionMask = 2147483647;
			files = (
			);
			runOnlyForDeploymentPostprocessing = 0;
		};
/* End PBXResourcesBuildPhase section */

/* Begin PBXSourcesBuildPhase section */
		4CA7E7A01BEE5A8300B9492D /* Sources */ = {
			isa = PBXSourcesBuildPhase;
			buildActionMask = 2147483647;
			files = (
				4CA7E7B01BEE5A8400B9492D /* ViewController.m in Sources */,
				4CA7E7AD1BEE5A8300B9492D /* AppDelegate.m in Sources */,
				4CA7E7AA1BEE5A8300B9492D /* main.m in Sources */,
			);
			runOnlyForDeploymentPostprocessing = 0;
		};
		4CA7E7B91BEE5A8400B9492D /* Sources */ = {
			isa = PBXSourcesBuildPhase;
			buildActionMask = 2147483647;
			files = (
				4CA7E7C41BEE5A8400B9492D /* JETEngineTests.m in Sources */,
			);
			runOnlyForDeploymentPostprocessing = 0;
		};
/* End PBXSourcesBuildPhase section */

/* Begin PBXTargetDependency section */
		4CA7E7BF1BEE5A8400B9492D /* PBXTargetDependency */ = {
			isa = PBXTargetDependency;
			target = 4CA7E7A31BEE5A8300B9492D /* JETEngine */;
			targetProxy = 4CA7E7BE1BEE5A8400B9492D /* PBXContainerItemProxy */;
		};
/* End PBXTargetDependency section */

/* Begin PBXVariantGroup section */
		4CA7E7B11BEE5A8400B9492D /* Main.storyboard */ = {
			isa = PBXVariantGroup;
			children = (
				4CA7E7B21BEE5A8400B9492D /* Base */,
			);
			name = Main.storyboard;
			sourceTree = "<group>";
		};
		4CA7E7B61BEE5A8400B9492D /* LaunchScreen.xib */ = {
			isa = PBXVariantGroup;
			children = (
				4CA7E7B71BEE5A8400B9492D /* Base */,
			);
			name = LaunchScreen.xib;
			sourceTree = "<group>";
		};
/* End PBXVariantGroup section */

/* Begin XCBuildConfiguration section */
		4CA7E7C51BEE5A8400B9492D /* Debug */ = {
			isa = XCBuildConfiguration;
			buildSettings = {
				ALWAYS_SEARCH_USER_PATHS = NO;
				CLANG_CXX_LANGUAGE_STANDARD = "gnu++0x";
				CLANG_CXX_LIBRARY = "libc++";
				CLANG_ENABLE_MODULES = YES;
				CLANG_ENABLE_OBJC_ARC = YES;
				CLANG_WARN_BOOL_CONVERSION = YES;
				CLANG_WARN_CONSTANT_CONVERSION = YES;
				CLANG_WARN_DIRECT_OBJC_ISA_USAGE = YES_ERROR;
				CLANG_WARN_EMPTY_BODY = YES;
				CLANG_WARN_ENUM_CONVERSION = YES;
				CLANG_WARN_INT_CONVERSION = YES;
				CLANG_WARN_OBJC_ROOT_CLASS = YES_ERROR;
				CLANG_WARN_UNREACHABLE_CODE = YES;
				CLANG_WARN__DUPLICATE_METHOD_MATCH = YES;
				"CODE_SIGN_IDENTITY[sdk=iphoneos*]" = "iPhone Developer";
				COPY_PHASE_STRIP = NO;
				ENABLE_STRICT_OBJC_MSGSEND = YES;
				GCC_C_LANGUAGE_STANDARD = gnu99;
				GCC_DYNAMIC_NO_PIC = NO;
				GCC_OPTIMIZATION_LEVEL = 0;
				GCC_PREPROCESSOR_DEFINITIONS = (
					"DEBUG=1",
					"$(inherited)",
				);
				GCC_SYMBOLS_PRIVATE_EXTERN = NO;
				GCC_WARN_64_TO_32_BIT_CONVERSION = YES;
				GCC_WARN_ABOUT_RETURN_TYPE = YES_ERROR;
				GCC_WARN_UNDECLARED_SELECTOR = YES;
				GCC_WARN_UNINITIALIZED_AUTOS = YES_AGGRESSIVE;
				GCC_WARN_UNUSED_FUNCTION = YES;
				GCC_WARN_UNUSED_VARIABLE = YES;
				IPHONEOS_DEPLOYMENT_TARGET = 8.2;
				MTL_ENABLE_DEBUG_INFO = YES;
				ONLY_ACTIVE_ARCH = YES;
				SDKROOT = iphoneos;
				TARGETED_DEVICE_FAMILY = "1,2";
			};
			name = Debug;
		};
		4CA7E7C61BEE5A8400B9492D /* Release */ = {
			isa = XCBuildConfiguration;
			buildSettings = {
				ALWAYS_SEARCH_USER_PATHS = NO;
				CLANG_CXX_LANGUAGE_STANDARD = "gnu++0x";
				CLANG_CXX_LIBRARY = "libc++";
				CLANG_ENABLE_MODULES = YES;
				CLANG_ENABLE_OBJC_ARC = YES;
				CLANG_WARN_BOOL_CONVERSION = YES;
				CLANG_WARN_CONSTANT_CONVERSION = YES;
				CLANG_WARN_DIRECT_OBJC_ISA_USAGE = YES_ERROR;
				CLANG_WARN_EMPTY_BODY = YES;
				CLANG_WARN_ENUM_CONVERSION = YES;
				CLANG_WARN_INT_CONVERSION = YES;
				CLANG_WARN_OBJC_ROOT_CLASS = YES_ERROR;
				CLANG_WARN_UNREACHABLE_CODE = YES;
				CLANG_WARN__DUPLICATE_METHOD_MATCH = YES;
				"CODE_SIGN_IDENTITY[sdk=iphoneos*]" = "iPhone Developer";
				COPY_PHASE_STRIP = NO;
				ENABLE_NS_ASSERTIONS = NO;
				ENABLE_STRICT_OBJC_MSGSEND = YES;
				GCC_C_LANGUAGE_STANDARD = gnu99;
				GCC_WARN_64_TO_32_BIT_CONVERSION = YES;
				GCC_WARN_ABOUT_RETURN_TYPE = YES_ERROR;
				GCC_WARN_UNDECLARED_SELECTOR = YES;
				GCC_WARN_UNINITIALIZED_AUTOS = YES_AGGRESSIVE;
				GCC_WARN_UNUSED_FUNCTION = YES;
				GCC_WARN_UNUSED_VARIABLE = YES;
				IPHONEOS_DEPLOYMENT_TARGET = 8.2;
				MTL_ENABLE_DEBUG_INFO = NO;
				SDKROOT = iphoneos;
				TARGETED_DEVICE_FAMILY = "1,2";
				VALIDATE_PRODUCT = YES;
			};
			name = Release;
		};
		4CA7E7C81BEE5A8400B9492D /* Debug */ = {
			isa = XCBuildConfiguration;
			buildSettings = {
				ASSETCATALOG_COMPILER_APPICON_NAME = AppIcon;
				INFOPLIST_FILE = JETEngine/Info.plist;
				LD_RUNPATH_SEARCH_PATHS = "$(inherited) @executable_path/Frameworks";
				PRODUCT_NAME = "$(TARGET_NAME)";
			};
			name = Debug;
		};
		4CA7E7C91BEE5A8400B9492D /* Release */ = {
			isa = XCBuildConfiguration;
			buildSettings = {
				ASSETCATALOG_COMPILER_APPICON_NAME = AppIcon;
				INFOPLIST_FILE = JETEngine/Info.plist;
				LD_RUNPATH_SEARCH_PATHS = "$(inherited) @executable_path/Frameworks";
				PRODUCT_NAME = "$(TARGET_NAME)";
			};
			name = Release;
		};
		4CA7E7CB1BEE5A8400B9492D /* Debug */ = {
			isa = XCBuildConfiguration;
			buildSettings = {
				BUNDLE_LOADER = "$(TEST_HOST)";
				FRAMEWORK_SEARCH_PATHS = (
					"$(SDKROOT)/Developer/Library/Frameworks",
					"$(inherited)",
				);
				GCC_PREPROCESSOR_DEFINITIONS = (
					"DEBUG=1",
					"$(inherited)",
				);
				INFOPLIST_FILE = JETEngineTests/Info.plist;
				LD_RUNPATH_SEARCH_PATHS = "$(inherited) @executable_path/Frameworks @loader_path/Frameworks";
				PRODUCT_NAME = "$(TARGET_NAME)";
				TEST_HOST = "$(BUILT_PRODUCTS_DIR)/JETEngine.app/JETEngine";
			};
			name = Debug;
		};
		4CA7E7CC1BEE5A8400B9492D /* Release */ = {
			isa = XCBuildConfiguration;
			buildSettings = {
				BUNDLE_LOADER = "$(TEST_HOST)";
				FRAMEWORK_SEARCH_PATHS = (
					"$(SDKROOT)/Developer/Library/Frameworks",
					"$(inherited)",
				);
				INFOPLIST_FILE = JETEngineTests/Info.plist;
				LD_RUNPATH_SEARCH_PATHS = "$(inherited) @executable_path/Frameworks @loader_path/Frameworks";
				PRODUCT_NAME = "$(TARGET_NAME)";
				TEST_HOST = "$(BUILT_PRODUCTS_DIR)/JETEngine.app/JETEngine";
			};
			name = Release;
		};
/* End XCBuildConfiguration section */

/* Begin XCConfigurationList section */
		4CA7E79F1BEE5A8300B9492D /* Build configuration list for PBXProject "JETEngine" */ = {
			isa = XCConfigurationList;
			buildConfigurations = (
				4CA7E7C51BEE5A8400B9492D /* Debug */,
				4CA7E7C61BEE5A8400B9492D /* Release */,
			);
			defaultConfigurationIsVisible = 0;
			defaultConfigurationName = Release;
		};
		4CA7E7C71BEE5A8400B9492D /* Build configuration list for PBXNativeTarget "JETEngine" */ = {
			isa = XCConfigurationList;
			buildConfigurations = (
				4CA7E7C81BEE5A8400B9492D /* Debug */,
				4CA7E7C91BEE5A8400B9492D /* Release */,
			);
			defaultConfigurationIsVisible = 0;
		};
		4CA7E7CA1BEE5A8400B9492D /* Build configuration list for PBXNativeTarget "JETEngineTests" */ = {
			isa = XCConfigurationList;
			buildConfigurations = (
				4CA7E7CB1BEE5A8400B9492D /* Debug */,
				4CA7E7CC1BEE5A8400B9492D /* Release */,
			);
			defaultConfigurationIsVisible = 0;
		};
/* End XCConfigurationList section */
	};
	rootObject = 4CA7E79C1BEE5A8300B9492D /* Project object */;
}
